
Microsoft Visual Studio Solution File, Format Version 12.00
# Visual Studio Version 17
VisualStudioVersion = 17.4.33205.214
MinimumVisualStudioVersion = 10.0.40219.1
Project("{9A19103F-16F7-4668-BE54-9A1E7A4F7556}") = "ExpenseTracker", "first_api\ExpenseTracker.csproj", "{8164E0BB-0ED2-43F8-9BD0-C76D891F068A}"
EndProject
Global
	GlobalSection(SolutionConfigurationPlatforms) = preSolution
		Debug|Any CPU = Debug|Any CPU
		Release|Any CPU = Release|Any CPU
	EndGlobalSection
	GlobalSection(ProjectConfigurationPlatforms) = postSolution
		{8164E0BB-0ED2-43F8-9BD0-C76D891F068A}.Debug|Any CPU.ActiveCfg = Debug|Any CPU
		{8164E0BB-0ED2-43F8-9BD0-C76D891F068A}.Debug|Any CPU.Build.0 = Debug|Any CPU
		{8164E0BB-0ED2-43F8-9BD0-C76D891F068A}.Release|Any CPU.ActiveCfg = Release|Any CPU
		{8164E0BB-0ED2-43F8-9BD0-C76D891F068A}.Release|Any CPU.Build.0 = Release|Any CPU
	EndGlobalSection
	GlobalSection(SolutionProperties) = preSolution
		HideSolutionNode = FALSE
	EndGlobalSection
	GlobalSection(ExtensibilityGlobals) = postSolution
		SolutionGuid = {7274BEAC-4924-414C-B4AC-3FC5F2187433}
	EndGlobalSection
EndGlobal
